# THIS IS AN AUTOGENERATED FILE. DO NOT EDIT THIS FILE DIRECTLY.
# yarn lockfile v1


itty-router@^2.4.10:
  version "2.4.10"
  resolved "https://registry.yarnpkg.com/itty-router/-/itty-router-2.4.10.tgz#23c7e44e36784e106f71ae6b1ec0fd4b95c70978"
  integrity sha512-6z8UO4MoJRCdgLRVU++L6QTHJwU2pCAYFM8+9HjjcneRM5DqYyF5g6tsgIw24xXLFJlpvVrIzVzhjn862ZQZcQ==

prettier@^1.18.2:
  version "1.19.1"
  resolved "https://registry.yarnpkg.com/prettier/-/prettier-1.19.1.tgz#f7d7f5ff8a9cd872a7be4ca142095956a60797cb"
  integrity sha512-s7PoyDv/II1ObgQunCbB9PdLmUcBZcnWOcxDh7O0N/UwDEsHyqkW+Qh28jW+mVuCdx7gLB0BotYI1Y6uI9iyew==
